// !$*UTF8*$!
{
	archiveVersion = 1;
	classes = {
	};
	objectVersion = 48;
	objects = {

/* Begin PBXBuildFile section */
		FA0EAD7F1FA7551E00383EB1 /* AppDelegate.m in Sources */ = {isa = PBXBuildFile; fileRef = FA0EAD7E1FA7551E00383EB1 /* AppDelegate.m */; };
		FA0EAD821FA7551E00383EB1 /* ViewController.m in Sources */ = {isa = PBXBuildFile; fileRef = FA0EAD811FA7551E00383EB1 /* ViewController.m */; };
		FA0EAD851FA7551E00383EB1 /* Main.storyboard in Resources */ = {isa = PBXBuildFile; fileRef = FA0EAD831FA7551E00383EB1 /* Main.storyboard */; };
		FA0EAD871FA7551E00383EB1 /* Assets.xcassets in Resources */ = {isa = PBXBuildFile; fileRef = FA0EAD861FA7551E00383EB1 /* Assets.xcassets */; };
		FA0EAD8A1FA7551E00383EB1 /* LaunchScreen.storyboard in Resources */ = {isa = PBXBuildFile; fileRef = FA0EAD881FA7551E00383EB1 /* LaunchScreen.storyboard */; };
		FA0EAD8D1FA7551E00383EB1 /* main.m in Sources */ = {isa = PBXBuildFile; fileRef = FA0EAD8C1FA7551E00383EB1 /* main.m */; };
/* End PBXBuildFile section */

/* Begin PBXFileReference section */
		FA0EAD7A1FA7551E00383EB1 /* GittestingProject.app */ = {isa = PBXFileReference; explicitFileType = wrapper.application; includeInIndex = 0; path = GittestingProject.app; sourceTree = BUILT_PRODUCTS_DIR; };
		FA0EAD7D1FA7551E00383EB1 /* AppDelegate.h */ = {isa = PBXFileReference; lastKnownFileType = sourcecode.c.h; path = AppDelegate.h; sourceTree = "<group>"; };
		FA0EAD7E1FA7551E00383EB1 /* AppDelegate.m */ = {isa = PBXFileReference; lastKnownFileType = sourcecode.c.objc; path = AppDelegate.m; sourceTree = "<group>"; };
		FA0EAD801FA7551E00383EB1 /* ViewController.h */ = {isa = PBXFileReference; lastKnownFileType = sourcecode.c.h; path = ViewController.h; sourceTree = "<group>"; };
		FA0EAD811FA7551E00383EB1 /* ViewController.m */ = {isa = PBXFileReference; lastKnownFileType = sourcecode.c.objc; path = ViewController.m; sourceTree = "<group>"; };
		FA0EAD841FA7551E00383EB1 /* Base */ = {isa = PBXFileReference; lastKnownFileType = file.storyboard; name = Base; path = Base.lproj/Main.storyboard; sourceTree = "<group>"; };
		FA0EAD861FA7551E00383EB1 /* Assets.xcassets */ = {isa = PBXFileReference; lastKnownFileType = folder.assetcatalog; path = Assets.xcassets; sourceTree = "<group>"; };
		FA0EAD891FA7551E00383EB1 /* Base */ = {isa = PBXFileReference; lastKnownFileType = file.storyboard; name = Base; path = Base.lproj/LaunchScreen.storyboard; sourceTree = "<group>"; };
		FA0EAD8B1FA7551E00383EB1 /* Info.plist */ = {isa = PBXFileReference; lastKnownFileType = text.plist.xml; path = Info.plist; sourceTree = "<group>"; };
		FA0EAD8C1FA7551E00383EB1 /* main.m */ = {isa = PBXFileReference; lastKnownFileType = sourcecode.c.objc; path = main.m; sourceTree = "<group>"; };
/* End PBXFileReference section */

/* Begin PBXFrameworksBuildPhase section */
		FA0EAD771FA7551E00383EB1 /* Frameworks */ = {
			isa = PBXFrameworksBuildPhase;
			buildActionMask = 2147483647;
			files = (
			);
			runOnlyForDeploymentPostprocessing = 0;
		};
/* End PBXFrameworksBuildPhase section */

/* Begin PBXGroup section */
		FA0EAD711FA7551E00383EB1 = {
			isa = PBXGroup;
			children = (
				FA0EAD7C1FA7551E00383EB1 /* GittestingProject */,
				FA0EAD7B1FA7551E00383EB1 /* Products */,
			);
			sourceTree = "<group>";
		};
		FA0EAD7B1FA7551E00383EB1 /* Products */ = {
			isa = PBXGroup;
			children = (
				FA0EAD7A1FA7551E00383EB1 /* GittestingProject.app */,
			);
			name = Products;
			sourceTree = "<group>";
		};
		FA0EAD7C1FA7551E00383EB1 /* GittestingProject */ = {
			isa = PBXGroup;
			children = (
				FA0EAD7D1FA7551E00383EB1 /* AppDelegate.h */,
				FA0EAD7E1FA7551E00383EB1 /* AppDelegate.m */,
				FA0EAD801FA7551E00383EB1 /* ViewController.h */,
				FA0EAD811FA7551E00383EB1 /* ViewController.m */,
				FA0EAD831FA7551E00383EB1 /* Main.storyboard */,
				FA0EAD861FA7551E00383EB1 /* Assets.xcassets */,
				FA0EAD881FA7551E00383EB1 /* LaunchScreen.storyboard */,
				FA0EAD8B1FA7551E00383EB1 /* Info.plist */,
				FA0EAD8C1FA7551E00383EB1 /* main.m */,
			);
			path = GittestingProject;
			sourceTree = "<group>";
		};
/* End PBXGroup section */

/* Begin PBXNativeTarget section */
		FA0EAD791FA7551E00383EB1 /* GittestingProject */ = {
			isa = PBXNativeTarget;
			buildConfigurationList = FA0EAD901FA7551F00383EB1 /* Build configuration list for PBXNativeTarget "GittestingProject" */;
			buildPhases = (
				FA0EAD761FA7551E00383EB1 /* Sources */,
				FA0EAD771FA7551E00383EB1 /* Frameworks */,
				FA0EAD781FA7551E00383EB1 /* Resources */,
			);
			buildRules = (
			);
			dependencies = (
			);
			name = GittestingProject;
			productName = GittestingProject;
			productReference = FA0EAD7A1FA7551E00383EB1 /* GittestingProject.app */;
			productType = "com.apple.product-type.application";
		};
/* End PBXNativeTarget section */

/* Begin PBXProject section */
		FA0EAD721FA7551E00383EB1 /* Project object */ = {
			isa = PBXProject;
			attributes = {
				LastUpgradeCheck = 0910;
				ORGANIZATIONNAME = user;
				TargetAttributes = {
					FA0EAD791FA7551E00383EB1 = {
						CreatedOnToolsVersion = 9.1;
						ProvisioningStyle = Automatic;
					};
				};
			};
			buildConfigurationList = FA0EAD751FA7551E00383EB1 /* Build configuration list for PBXProject "GittestingProject" */;
			compatibilityVersion = "Xcode 8.0";
			developmentRegion = en;
			hasScannedForEncodings = 0;
			knownRegions = (
				en,
				Base,
			);
			mainGroup = FA0EAD711FA7551E00383EB1;
			productRefGroup = FA0EAD7B1FA7551E00383EB1 /* Products */;
			projectDirPath = "";
			projectRoot = "";
			targets = (
				FA0EAD791FA7551E00383EB1 /* GittestingProject */,
			);
		};
/* End PBXProject section */

/* Begin PBXResourcesBuildPhase section */
		FA0EAD781FA7551E00383EB1 /* Resources */ = {
			isa = PBXResourcesBuildPhase;
			buildActionMask = 2147483647;
			files = (
				FA0EAD8A1FA7551E00383EB1 /* LaunchScreen.storyboard in Resources */,
				FA0EAD871FA7551E00383EB1 /* Assets.xcassets in Resources */,
				FA0EAD851FA7551E00383EB1 /* Main.storyboard in Resources */,
			);
			runOnlyForDeploymentPostprocessing = 0;
		};
/* End PBXResourcesBuildPhase section */

/* Begin PBXSourcesBuildPhase section */
		FA0EAD761FA7551E00383EB1 /* Sources */ = {
			isa = PBXSourcesBuildPhase;
			buildActionMask = 2147483647;
			files = (
				FA0EAD821FA7551E00383EB1 /* ViewController.m in Sources */,
				FA0EAD8D1FA7551E00383EB1 /* main.m in Sources */,
				FA0EAD7F1FA7551E00383EB1 /* AppDelegate.m in Sources */,
			);
			runOnlyForDeploymentPostprocessing = 0;
		};
/* End PBXSourcesBuildPhase section */

/* Begin PBXVariantGroup section */
		FA0EAD831FA7551E00383EB1 /* Main.storyboard */ = {
			isa = PBXVariantGroup;
			children = (
				FA0EAD841FA7551E00383EB1 /* Base */,
			);
			name = Main.storyboard;
			sourceTree = "<group>";
		};
		FA0EAD881FA7551E00383EB1 /* LaunchScreen.storyboard */ = {
			isa = PBXVariantGroup;
			children = (
				FA0EAD891FA7551E00383EB1 /* Base */,
			);
			name = LaunchScreen.storyboard;
			sourceTree = "<group>";
		};
/* End PBXVariantGroup section */

/* Begin XCBuildConfiguration section */
		FA0EAD8E1FA7551F00383EB1 /* Debug */ = {
			isa = XCBuildConfiguration;
			buildSettings = {
				ALWAYS_SEARCH_USER_PATHS = NO;
				CLANG_ANALYZER_NONNULL = YES;
				CLANG_ANALYZER_NUMBER_OBJECT_CONVERSION = YES_AGGRESSIVE;
				CLANG_CXX_LANGUAGE_STANDARD = "gnu++14";
				CLANG_CXX_LIBRARY = "libc++";
				CLANG_ENABLE_MODULES = YES;
				CLANG_ENABLE_OBJC_ARC = YES;
				CLANG_WARN_BLOCK_CAPTURE_AUTORELEASING = YES;
				CLANG_WARN_BOOL_CONVERSION = YES;
				CLANG_WARN_COMMA = YES;
				CLANG_WARN_CONSTANT_CONVERSION = YES;
				CLANG_WARN_DIRECT_OBJC_ISA_USAGE = YES_ERROR;
				CLANG_WARN_DOCUMENTATION_COMMENTS = YES;
				CLANG_WARN_EMPTY_BODY = YES;
				CLANG_WARN_ENUM_CONVERSION = YES;
				CLANG_WARN_INFINITE_RECURSION = YES;
				CLANG_WARN_INT_CONVERSION = YES;
				CLANG_WARN_NON_LITERAL_NULL_CONVERSION = YES;
				CLANG_WARN_OBJC_LITERAL_CONVERSION = YES;
				CLANG_WARN_OBJC_ROOT_CLASS = YES_ERROR;
				CLANG_WARN_RANGE_LOOP_ANALYSIS = YES;
				CLANG_WARN_STRICT_PROTOTYPES = YES;
				CLANG_WARN_SUSPICIOUS_MOVE = YES;
				CLANG_WARN_UNGUARDED_AVAILABILITY = YES_AGGRESSIVE;
				CLANG_WARN_UNREACHABLE_CODE = YES;
				CLANG_WARN__DUPLICATE_METHOD_MATCH = YES;
				CODE_SIGN_IDENTITY = "iPhone Developer";
				COPY_PHASE_STRIP = NO;
				DEBUG_INFORMATION_FORMAT = dwarf;
				ENABLE_STRICT_OBJC_MSGSEND = YES;
				ENABLE_TESTABILITY = YES;
				GCC_C_LANGUAGE_STANDARD = gnu11;
				GCC_DYNAMIC_NO_PIC = NO;
				GCC_NO_COMMON_BLOCKS = YES;
				GCC_OPTIMIZATION_LEVEL = 0;
				GCC_PREPROCESSOR_DEFINITIONS = (
					"DEBUG=1",
					"$(inherited)",
				);
				GCC_WARN_64_TO_32_BIT_CONVERSION = YES;
				GCC_WARN_ABOUT_RETURN_TYPE = YES_ERROR;
				GCC_WARN_UNDECLARED_SELECTOR = YES;
				GCC_WARN_UNINITIALIZED_AUTOS = YES_AGGRESSIVE;
				GCC_WARN_UNUSED_FUNCTION = YES;
				GCC_WARN_UNUSED_VARIABLE = YES;
				IPHONEOS_DEPLOYMENT_TARGET = 11.1;
				MTL_ENABLE_DEBUG_INFO = YES;
				ONLY_ACTIVE_ARCH = YES;
				SDKROOT = iphoneos;
			};
			name = Debug;
		};
		FA0EAD8F1FA7551F00383EB1 /* Release */ = {
			isa = XCBuildConfiguration;
			buildSettings = {
				ALWAYS_SEARCH_USER_PATHS = NO;
				CLANG_ANALYZER_NONNULL = YES;
				CLANG_ANALYZER_NUMBER_OBJECT_CONVERSION = YES_AGGRESSIVE;
				CLANG_CXX_LANGUAGE_STANDARD = "gnu++14";
				CLANG_CXX_LIBRARY = "libc++";
				CLANG_ENABLE_MODULES = YES;
				CLANG_ENABLE_OBJC_ARC = YES;
				CLANG_WARN_BLOCK_CAPTURE_AUTORELEASING = YES;
				CLANG_WARN_BOOL_CONVERSION = YES;
				CLANG_WARN_COMMA = YES;
				CLANG_WARN_CONSTANT_CONVERSION = YES;
				CLANG_WARN_DIRECT_OBJC_ISA_USAGE = YES_ERROR;
				CLANG_WARN_DOCUMENTATION_COMMENTS = YES;
				CLANG_WARN_EMPTY_BODY = YES;
				CLANG_WARN_ENUM_CONVERSION = YES;
				CLANG_WARN_INFINITE_RECURSION = YES;
				CLANG_WARN_INT_CONVERSION = YES;
				CLANG_WARN_NON_LITERAL_NULL_CONVERSION = YES;
				CLANG_WARN_OBJC_LITERAL_CONVERSION = YES;
				CLANG_WARN_OBJC_ROOT_CLASS = YES_ERROR;
				CLANG_WARN_RANGE_LOOP_ANALYSIS = YES;
				CLANG_WARN_STRICT_PROTOTYPES = YES;
				CLANG_WARN_SUSPICIOUS_MOVE = YES;
				CLANG_WARN_UNGUARDED_AVAILABILITY = YES_AGGRESSIVE;
				CLANG_WARN_UNREACHABLE_CODE = YES;
				CLANG_WARN__DUPLICATE_METHOD_MATCH = YES;
				CODE_SIGN_IDENTITY = "iPhone Developer";
				COPY_PHASE_STRIP = NO;
				DEBUG_INFORMATION_FORMAT = "dwarf-with-dsym";
				ENABLE_NS_ASSERTIONS = NO;
				ENABLE_STRICT_OBJC_MSGSEND = YES;
				GCC_C_LANGUAGE_STANDARD = gnu11;
				GCC_NO_COMMON_BLOCKS = YES;
				GCC_WARN_64_TO_32_BIT_CONVERSION = YES;
				GCC_WARN_ABOUT_RETURN_TYPE = YES_ERROR;
				GCC_WARN_UNDECLARED_SELECTOR = YES;
				GCC_WARN_UNINITIALIZED_AUTOS = YES_AGGRESSIVE;
				GCC_WARN_UNUSED_FUNCTION = YES;
				GCC_WARN_UNUSED_VARIABLE = YES;
				IPHONEOS_DEPLOYMENT_TARGET = 11.1;
				MTL_ENABLE_DEBUG_INFO = NO;
				SDKROOT = iphoneos;
				VALIDATE_PRODUCT = YES;
			};
			name = Release;
		};
		FA0EAD911FA7551F00383EB1 /* Debug */ = {
			isa = XCBuildConfiguration;
			buildSettings = {
				ASSETCATALOG_COMPILER_APPICON_NAME = AppIcon;
				CODE_SIGN_STYLE = Automatic;
				INFOPLIST_FILE = GittestingProject/Info.plist;
				LD_RUNPATH_SEARCH_PATHS = "$(inherited) @executable_path/Frameworks";
				PRODUCT_BUNDLE_IDENTIFIER = com.rvtech.GittestingProject;
				PRODUCT_NAME = "$(TARGET_NAME)";
				TARGETED_DEVICE_FAMILY = "1,2";
			};
			name = Debug;
		};
		FA0EAD921FA7551F00383EB1 /* Release */ = {
			isa = XCBuildConfiguration;
			buildSettings = {
				ASSETCATALOG_COMPILER_APPICON_NAME = AppIcon;
				CODE_SIGN_STYLE = Automatic;
				INFOPLIST_FILE = GittestingProject/Info.plist;
				LD_RUNPATH_SEARCH_PATHS = "$(inherited) @executable_path/Frameworks";
				PRODUCT_BUNDLE_IDENTIFIER = com.rvtech.GittestingProject;
				PRODUCT_NAME = "$(TARGET_NAME)";
				TARGETED_DEVICE_FAMILY = "1,2";
			};
			name = Release;
		};
/* End XCBuildConfiguration section */

/* Begin XCConfigurationList section */
		FA0EAD751FA7551E00383EB1 /* Build configuration list for PBXProject "GittestingProject" */ = {
			isa = XCConfigurationList;
			buildConfigurations = (
				FA0EAD8E1FA7551F00383EB1 /* Debug */,
				FA0EAD8F1FA7551F00383EB1 /* Release */,
			);
			defaultConfigurationIsVisible = 0;
			defaultConfigurationName = Release;
		};
		FA0EAD901FA7551F00383EB1 /* Build configuration list for PBXNativeTarget "GittestingProject" */ = {
			isa = XCConfigurationList;
			buildConfigurations = (
				FA0EAD911FA7551F00383EB1 /* Debug */,
				FA0EAD921FA7551F00383EB1 /* Release */,
			);
			defaultConfigurationIsVisible = 0;
			defaultConfigurationName = Release;
		};
/* End XCConfigurationList section */
	};
	rootObject = FA0EAD721FA7551E00383EB1 /* Project object */;
}
